// !$*UTF8*$!
{
	archiveVersion = 1;
	classes = {
	};
	objectVersion = 51;
	objects = {

/* Begin PBXBuildFile section */
		3CC8B36F5E300DA8604F2E19 /* Pods_BoxeyiTests.framework in Frameworks */ = {isa = PBXBuildFile; fileRef = 8029CCEE86D9AB95467883E4 /* Pods_BoxeyiTests.framework */; };
		462D87BEC0F8593A945FEA75 /* Pods_BoxeyiUITests.framework in Frameworks */ = {isa = PBXBuildFile; fileRef = 8B0BC847994F971EEC7F5480 /* Pods_BoxeyiUITests.framework */; };
		5EFA2EFD92B8D9725EEF8EBE /* Pods_Boxeyi.framework in Frameworks */ = {isa = PBXBuildFile; fileRef = 1485F3DFD1ACB847B47D43D4 /* Pods_Boxeyi.framework */; };
		BC0ABE0F234764D900B3251C /* Location.storyboard in Resources */ = {isa = PBXBuildFile; fileRef = BC0ABE0E234764D900B3251C /* Location.storyboard */; };
		BC0ABE112347653F00B3251C /* LocationVC.swift in Sources */ = {isa = PBXBuildFile; fileRef = BC0ABE102347653F00B3251C /* LocationVC.swift */; };
		BC0AC36D234B4A3500376394 /* Models.swift in Sources */ = {isa = PBXBuildFile; fileRef = BC0AC36C234B4A3500376394 /* Models.swift */; };
		BC0AC36F234B54E700376394 /* TypeAlias.swift in Sources */ = {isa = PBXBuildFile; fileRef = BC0AC36E234B54E700376394 /* TypeAlias.swift */; };
		BC0AC375234C6C9100376394 /* Extra.swift in Sources */ = {isa = PBXBuildFile; fileRef = BC0AC374234C6C9100376394 /* Extra.swift */; };
		BC0AC378234C6FFF00376394 /* TransitionAnimator.swift in Sources */ = {isa = PBXBuildFile; fileRef = BC0AC376234C6FFF00376394 /* TransitionAnimator.swift */; };
		BC0AC379234C6FFF00376394 /* TransitionCoordinator.swift in Sources */ = {isa = PBXBuildFile; fileRef = BC0AC377234C6FFF00376394 /* TransitionCoordinator.swift */; };
		BC17CEF223462AA6004C3C01 /* GMapVC.swift in Sources */ = {isa = PBXBuildFile; fileRef = BC17CEF023462AA6004C3C01 /* GMapVC.swift */; };
		BC17CEF323462AA6004C3C01 /* GMapVC.xib in Resources */ = {isa = PBXBuildFile; fileRef = BC17CEF123462AA6004C3C01 /* GMapVC.xib */; };
		BC1AA1C5231E436200B94CF0 /* Payment.storyboard in Resources */ = {isa = PBXBuildFile; fileRef = BC1AA1C4231E436200B94CF0 /* Payment.storyboard */; };
		BC1AA1C7231E43CA00B94CF0 /* PaymentVC.swift in Sources */ = {isa = PBXBuildFile; fileRef = BC1AA1C6231E43CA00B94CF0 /* PaymentVC.swift */; };
		BC1AA1C9231E4D6300B94CF0 /* HomeTabBarVC.swift in Sources */ = {isa = PBXBuildFile; fileRef = BC1AA1C8231E4D6300B94CF0 /* HomeTabBarVC.swift */; };
		BC1AA1CE231EA22400B94CF0 /* Montserrat in Resources */ = {isa = PBXBuildFile; fileRef = BC1AA1CD231EA22400B94CF0 /* Montserrat */; };
		BC1AA1D0231EAA8200B94CF0 /* DrivingInfoVC.swift in Sources */ = {isa = PBXBuildFile; fileRef = BC1AA1CF231EAA8100B94CF0 /* DrivingInfoVC.swift */; };
		BC619FBB23462B5800AFD751 /* GoogleMapHelper.swift in Sources */ = {isa = PBXBuildFile; fileRef = BC619FBA23462B5800AFD751 /* GoogleMapHelper.swift */; };
		BC619FBD23462EB100AFD751 /* LocationManagement.swift in Sources */ = {isa = PBXBuildFile; fileRef = BC619FBC23462EB100AFD751 /* LocationManagement.swift */; };
		BC619FC02346448D00AFD751 /* AppUrl.swift in Sources */ = {isa = PBXBuildFile; fileRef = BC619FBF2346448D00AFD751 /* AppUrl.swift */; };
		BC63D837231D974C00AB693E /* RegisterVC.swift in Sources */ = {isa = PBXBuildFile; fileRef = BC63D836231D974C00AB693E /* RegisterVC.swift */; };
		BC6701C123181C3500C5A624 /* AppDelegate.swift in Sources */ = {isa = PBXBuildFile; fileRef = BC6701C023181C3500C5A624 /* AppDelegate.swift */; };
		BC6701C323181C3500C5A624 /* ViewController.swift in Sources */ = {isa = PBXBuildFile; fileRef = BC6701C223181C3500C5A624 /* ViewController.swift */; };
		BC6701C623181C3500C5A624 /* Main.storyboard in Resources */ = {isa = PBXBuildFile; fileRef = BC6701C423181C3500C5A624 /* Main.storyboard */; };
		BC6701C823181C3800C5A624 /* Assets.xcassets in Resources */ = {isa = PBXBuildFile; fileRef = BC6701C723181C3800C5A624 /* Assets.xcassets */; };
		BC6701CB23181C3800C5A624 /* LaunchScreen.storyboard in Resources */ = {isa = PBXBuildFile; fileRef = BC6701C923181C3800C5A624 /* LaunchScreen.storyboard */; };
		BC6701D623181C3800C5A624 /* BoxeyiTests.swift in Sources */ = {isa = PBXBuildFile; fileRef = BC6701D523181C3800C5A624 /* BoxeyiTests.swift */; };
		BC6701E123181C3800C5A624 /* BoxeyiUITests.swift in Sources */ = {isa = PBXBuildFile; fileRef = BC6701E023181C3800C5A624 /* BoxeyiUITests.swift */; };
		BC6701F723181F5C00C5A624 /* Notification.storyboard in Resources */ = {isa = PBXBuildFile; fileRef = BC6701F623181F5C00C5A624 /* Notification.storyboard */; };
		BC6701FA2318207400C5A624 /* NotificationCell.swift in Sources */ = {isa = PBXBuildFile; fileRef = BC6701F82318207400C5A624 /* NotificationCell.swift */; };
		BC6701FB2318207400C5A624 /* NotificationCell.xib in Resources */ = {isa = PBXBuildFile; fileRef = BC6701F92318207400C5A624 /* NotificationCell.xib */; };
		BC6701FD2318282200C5A624 /* Helper.swift in Sources */ = {isa = PBXBuildFile; fileRef = BC6701FC2318282200C5A624 /* Helper.swift */; };
		BC6701FF2318285100C5A624 /* NotificationVC.swift in Sources */ = {isa = PBXBuildFile; fileRef = BC6701FE2318285100C5A624 /* NotificationVC.swift */; };
		BC67020123182CB700C5A624 /* ViewExt.swift in Sources */ = {isa = PBXBuildFile; fileRef = BC67020023182CB700C5A624 /* ViewExt.swift */; };
		BC77D48F231EC046007FA66B /* SbProtocol.swift in Sources */ = {isa = PBXBuildFile; fileRef = BC77D48E231EC046007FA66B /* SbProtocol.swift */; };
		BC77D491231ECE0C007FA66B /* CarDetailVC.swift in Sources */ = {isa = PBXBuildFile; fileRef = BC77D490231ECE0C007FA66B /* CarDetailVC.swift */; };
		BC8BB76A2347742400B047A0 /* Network.swift in Sources */ = {isa = PBXBuildFile; fileRef = BC8BB7692347742400B047A0 /* Network.swift */; };
		BC8BB76E2347884500B047A0 /* Loading.json in Resources */ = {isa = PBXBuildFile; fileRef = BC8BB76D2347884500B047A0 /* Loading.json */; };
		BCDE4A31231BA08700A9ADA1 /* AlertLauncher.swift in Sources */ = {isa = PBXBuildFile; fileRef = BCDE4A30231BA08700A9ADA1 /* AlertLauncher.swift */; };
		BCDE4A34231BAB7000A9ADA1 /* ProfilePictureCell.swift in Sources */ = {isa = PBXBuildFile; fileRef = BCDE4A32231BAB6F00A9ADA1 /* ProfilePictureCell.swift */; };
		BCDE4A35231BAB7000A9ADA1 /* ProfilePictureCell.xib in Resources */ = {isa = PBXBuildFile; fileRef = BCDE4A33231BAB7000A9ADA1 /* ProfilePictureCell.xib */; };
		BCDE4A38231BAE3200A9ADA1 /* ProfileVC.swift in Sources */ = {isa = PBXBuildFile; fileRef = BCDE4A37231BAE3200A9ADA1 /* ProfileVC.swift */; };
		BCDE4A3A231BAEFA00A9ADA1 /* Profile.storyboard in Resources */ = {isa = PBXBuildFile; fileRef = BCDE4A39231BAEFA00A9ADA1 /* Profile.storyboard */; };
		BCDE4A3C231BB18000A9ADA1 /* BtnExt.swift in Sources */ = {isa = PBXBuildFile; fileRef = BCDE4A3B231BB18000A9ADA1 /* BtnExt.swift */; };
		BCDE4A3E231BB19600A9ADA1 /* NavigationExt.swift in Sources */ = {isa = PBXBuildFile; fileRef = BCDE4A3D231BB19600A9ADA1 /* NavigationExt.swift */; };
		BCDE4A40231BB1D500A9ADA1 /* ColorExt.swift in Sources */ = {isa = PBXBuildFile; fileRef = BCDE4A3F231BB1D500A9ADA1 /* ColorExt.swift */; };
		BCDE4A42231BB46E00A9ADA1 /* LexendDeca-Regular.ttf in Resources */ = {isa = PBXBuildFile; fileRef = BCDE4A36231BAD3400A9ADA1 /* LexendDeca-Regular.ttf */; };
		BCDE4A43231BB46F00A9ADA1 /* LexendDeca-Regular.ttf in Resources */ = {isa = PBXBuildFile; fileRef = BCDE4A36231BAD3400A9ADA1 /* LexendDeca-Regular.ttf */; };
		BCDE4A44231BB47000A9ADA1 /* LexendDeca-Regular.ttf in Resources */ = {isa = PBXBuildFile; fileRef = BCDE4A36231BAD3400A9ADA1 /* LexendDeca-Regular.ttf */; };
		BCDE4A4B231BC80000A9ADA1 /* ProfileHeaderCell.swift in Sources */ = {isa = PBXBuildFile; fileRef = BCDE4A4A231BC80000A9ADA1 /* ProfileHeaderCell.swift */; };
		BCDE4A4E231BD4ED00A9ADA1 /* UserInfoCell.swift in Sources */ = {isa = PBXBuildFile; fileRef = BCDE4A4C231BD4ED00A9ADA1 /* UserInfoCell.swift */; };
		BCDE4A4F231BD4ED00A9ADA1 /* UserInfoCell.xib in Resources */ = {isa = PBXBuildFile; fileRef = BCDE4A4D231BD4ED00A9ADA1 /* UserInfoCell.xib */; };
		BCDE4A52231BD55500A9ADA1 /* InfoTableViewCell.swift in Sources */ = {isa = PBXBuildFile; fileRef = BCDE4A50231BD55500A9ADA1 /* InfoTableViewCell.swift */; };
		BCDE4A53231BD55500A9ADA1 /* InfoTableViewCell.xib in Resources */ = {isa = PBXBuildFile; fileRef = BCDE4A51231BD55500A9ADA1 /* InfoTableViewCell.xib */; };
		BCDE4A56231BDEC600A9ADA1 /* ProfileHeaderReusableView.swift in Sources */ = {isa = PBXBuildFile; fileRef = BCDE4A54231BDEC600A9ADA1 /* ProfileHeaderReusableView.swift */; };
		BCDE4A57231BDEC600A9ADA1 /* ProfileHeaderReusableView.xib in Resources */ = {isa = PBXBuildFile; fileRef = BCDE4A55231BDEC600A9ADA1 /* ProfileHeaderReusableView.xib */; };
		BCDE4A59231BF9A500A9ADA1 /* LoginVC.swift in Sources */ = {isa = PBXBuildFile; fileRef = BCDE4A58231BF9A500A9ADA1 /* LoginVC.swift */; };
		BCDE4A5B231BFA2D00A9ADA1 /* StartVC.swift in Sources */ = {isa = PBXBuildFile; fileRef = BCDE4A5A231BFA2D00A9ADA1 /* StartVC.swift */; };
/* End PBXBuildFile section */

/* Begin PBXContainerItemProxy section */
		BC6701D223181C3800C5A624 /* PBXContainerItemProxy */ = {
			isa = PBXContainerItemProxy;
			containerPortal = BC6701B523181C3500C5A624 /* Project object */;
			proxyType = 1;
			remoteGlobalIDString = BC6701BC23181C3500C5A624;
			remoteInfo = Boxeyi;
		};
		BC6701DD23181C3800C5A624 /* PBXContainerItemProxy */ = {
			isa = PBXContainerItemProxy;
			containerPortal = BC6701B523181C3500C5A624 /* Project object */;
			proxyType = 1;
			remoteGlobalIDString = BC6701BC23181C3500C5A624;
			remoteInfo = Boxeyi;
		};
/* End PBXContainerItemProxy section */

/* Begin PBXFileReference section */
		1485F3DFD1ACB847B47D43D4 /* Pods_Boxeyi.framework */ = {isa = PBXFileReference; explicitFileType = wrapper.framework; includeInIndex = 0; path = Pods_Boxeyi.framework; sourceTree = BUILT_PRODUCTS_DIR; };
		1F54782A04D87554DAEE16CE /* Pods-BoxeyiTests.release.xcconfig */ = {isa = PBXFileReference; includeInIndex = 1; lastKnownFileType = text.xcconfig; name = "Pods-BoxeyiTests.release.xcconfig"; path = "Target Support Files/Pods-BoxeyiTests/Pods-BoxeyiTests.release.xcconfig"; sourceTree = "<group>"; };
		269D876E0243A973E4995FBD /* Pods-Boxeyi.release.xcconfig */ = {isa = PBXFileReference; includeInIndex = 1; lastKnownFileType = text.xcconfig; name = "Pods-Boxeyi.release.xcconfig"; path = "Target Support Files/Pods-Boxeyi/Pods-Boxeyi.release.xcconfig"; sourceTree = "<group>"; };
		390925C6C59FFA38EEF5C25A /* Pods-Boxeyi.debug.xcconfig */ = {isa = PBXFileReference; includeInIndex = 1; lastKnownFileType = text.xcconfig; name = "Pods-Boxeyi.debug.xcconfig"; path = "Target Support Files/Pods-Boxeyi/Pods-Boxeyi.debug.xcconfig"; sourceTree = "<group>"; };
		4FDFED4ADB7D9B6834F57ECE /* Pods-BoxeyiUITests.debug.xcconfig */ = {isa = PBXFileReference; includeInIndex = 1; lastKnownFileType = text.xcconfig; name = "Pods-BoxeyiUITests.debug.xcconfig"; path = "Target Support Files/Pods-BoxeyiUITests/Pods-BoxeyiUITests.debug.xcconfig"; sourceTree = "<group>"; };
		8029CCEE86D9AB95467883E4 /* Pods_BoxeyiTests.framework */ = {isa = PBXFileReference; explicitFileType = wrapper.framework; includeInIndex = 0; path = Pods_BoxeyiTests.framework; sourceTree = BUILT_PRODUCTS_DIR; };
		89F8640263B7235E195E6C1D /* Pods-BoxeyiUITests.release.xcconfig */ = {isa = PBXFileReference; includeInIndex = 1; lastKnownFileType = text.xcconfig; name = "Pods-BoxeyiUITests.release.xcconfig"; path = "Target Support Files/Pods-BoxeyiUITests/Pods-BoxeyiUITests.release.xcconfig"; sourceTree = "<group>"; };
		8B0BC847994F971EEC7F5480 /* Pods_BoxeyiUITests.framework */ = {isa = PBXFileReference; explicitFileType = wrapper.framework; includeInIndex = 0; path = Pods_BoxeyiUITests.framework; sourceTree = BUILT_PRODUCTS_DIR; };
		BC0ABE0E234764D900B3251C /* Location.storyboard */ = {isa = PBXFileReference; lastKnownFileType = file.storyboard; path = Location.storyboard; sourceTree = "<group>"; };
		BC0ABE102347653F00B3251C /* LocationVC.swift */ = {isa = PBXFileReference; lastKnownFileType = sourcecode.swift; path = LocationVC.swift; sourceTree = "<group>"; };
		BC0AC36C234B4A3500376394 /* Models.swift */ = {isa = PBXFileReference; lastKnownFileType = sourcecode.swift; path = Models.swift; sourceTree = "<group>"; };
		BC0AC36E234B54E700376394 /* TypeAlias.swift */ = {isa = PBXFileReference; lastKnownFileType = sourcecode.swift; path = TypeAlias.swift; sourceTree = "<group>"; };
		BC0AC374234C6C9100376394 /* Extra.swift */ = {isa = PBXFileReference; lastKnownFileType = sourcecode.swift; path = Extra.swift; sourceTree = "<group>"; };
		BC0AC376234C6FFF00376394 /* TransitionAnimator.swift */ = {isa = PBXFileReference; fileEncoding = 4; lastKnownFileType = sourcecode.swift; path = TransitionAnimator.swift; sourceTree = "<group>"; };
		BC0AC377234C6FFF00376394 /* TransitionCoordinator.swift */ = {isa = PBXFileReference; fileEncoding = 4; lastKnownFileType = sourcecode.swift; path = TransitionCoordinator.swift; sourceTree = "<group>"; };
		BC17CEF023462AA6004C3C01 /* GMapVC.swift */ = {isa = PBXFileReference; lastKnownFileType = sourcecode.swift; path = GMapVC.swift; sourceTree = "<group>"; };
		BC17CEF123462AA6004C3C01 /* GMapVC.xib */ = {isa = PBXFileReference; lastKnownFileType = file.xib; path = GMapVC.xib; sourceTree = "<group>"; };
		BC1AA1C4231E436200B94CF0 /* Payment.storyboard */ = {isa = PBXFileReference; fileEncoding = 4; lastKnownFileType = file.storyboard; path = Payment.storyboard; sourceTree = "<group>"; };
		BC1AA1C6231E43CA00B94CF0 /* PaymentVC.swift */ = {isa = PBXFileReference; lastKnownFileType = sourcecode.swift; path = PaymentVC.swift; sourceTree = "<group>"; };
		BC1AA1C8231E4D6300B94CF0 /* HomeTabBarVC.swift */ = {isa = PBXFileReference; lastKnownFileType = sourcecode.swift; path = HomeTabBarVC.swift; sourceTree = "<group>"; };
		BC1AA1CD231EA22400B94CF0 /* Montserrat */ = {isa = PBXFileReference; lastKnownFileType = folder; path = Montserrat; sourceTree = "<group>"; };
		BC1AA1CF231EAA8100B94CF0 /* DrivingInfoVC.swift */ = {isa = PBXFileReference; lastKnownFileType = sourcecode.swift; path = DrivingInfoVC.swift; sourceTree = "<group>"; };
		BC619FBA23462B5800AFD751 /* GoogleMapHelper.swift */ = {isa = PBXFileReference; lastKnownFileType = sourcecode.swift; path = GoogleMapHelper.swift; sourceTree = "<group>"; };
		BC619FBC23462EB100AFD751 /* LocationManagement.swift */ = {isa = PBXFileReference; lastKnownFileType = sourcecode.swift; path = LocationManagement.swift; sourceTree = "<group>"; };
		BC619FBF2346448D00AFD751 /* AppUrl.swift */ = {isa = PBXFileReference; lastKnownFileType = sourcecode.swift; path = AppUrl.swift; sourceTree = "<group>"; };
		BC63D836231D974C00AB693E /* RegisterVC.swift */ = {isa = PBXFileReference; lastKnownFileType = sourcecode.swift; path = RegisterVC.swift; sourceTree = "<group>"; };
		BC6701BD23181C3500C5A624 /* Boxeyi.app */ = {isa = PBXFileReference; explicitFileType = wrapper.application; includeInIndex = 0; path = Boxeyi.app; sourceTree = BUILT_PRODUCTS_DIR; };
		BC6701C023181C3500C5A624 /* AppDelegate.swift */ = {isa = PBXFileReference; lastKnownFileType = sourcecode.swift; path = AppDelegate.swift; sourceTree = "<group>"; };
		BC6701C223181C3500C5A624 /* ViewController.swift */ = {isa = PBXFileReference; lastKnownFileType = sourcecode.swift; path = ViewController.swift; sourceTree = "<group>"; };
		BC6701C523181C3500C5A624 /* Base */ = {isa = PBXFileReference; lastKnownFileType = file.storyboard; name = Base; path = Base.lproj/Main.storyboard; sourceTree = "<group>"; };
		BC6701C723181C3800C5A624 /* Assets.xcassets */ = {isa = PBXFileReference; lastKnownFileType = folder.assetcatalog; path = Assets.xcassets; sourceTree = "<group>"; };
		BC6701CA23181C3800C5A624 /* Base */ = {isa = PBXFileReference; lastKnownFileType = file.storyboard; name = Base; path = Base.lproj/LaunchScreen.storyboard; sourceTree = "<group>"; };
		BC6701CC23181C3800C5A624 /* Info.plist */ = {isa = PBXFileReference; lastKnownFileType = text.plist.xml; path = Info.plist; sourceTree = "<group>"; };
		BC6701D123181C3800C5A624 /* BoxeyiTests.xctest */ = {isa = PBXFileReference; explicitFileType = wrapper.cfbundle; includeInIndex = 0; path = BoxeyiTests.xctest; sourceTree = BUILT_PRODUCTS_DIR; };
		BC6701D523181C3800C5A624 /* BoxeyiTests.swift */ = {isa = PBXFileReference; lastKnownFileType = sourcecode.swift; path = BoxeyiTests.swift; sourceTree = "<group>"; };
		BC6701D723181C3800C5A624 /* Info.plist */ = {isa = PBXFileReference; lastKnownFileType = text.plist.xml; path = Info.plist; sourceTree = "<group>"; };
		BC6701DC23181C3800C5A624 /* BoxeyiUITests.xctest */ = {isa = PBXFileReference; explicitFileType = wrapper.cfbundle; includeInIndex = 0; path = BoxeyiUITests.xctest; sourceTree = BUILT_PRODUCTS_DIR; };
		BC6701E023181C3800C5A624 /* BoxeyiUITests.swift */ = {isa = PBXFileReference; lastKnownFileType = sourcecode.swift; path = BoxeyiUITests.swift; sourceTree = "<group>"; };
		BC6701E223181C3800C5A624 /* Info.plist */ = {isa = PBXFileReference; lastKnownFileType = text.plist.xml; path = Info.plist; sourceTree = "<group>"; };
		BC6701F623181F5C00C5A624 /* Notification.storyboard */ = {isa = PBXFileReference; fileEncoding = 4; lastKnownFileType = file.storyboard; path = Notification.storyboard; sourceTree = "<group>"; };
		BC6701F82318207400C5A624 /* NotificationCell.swift */ = {isa = PBXFileReference; lastKnownFileType = sourcecode.swift; path = NotificationCell.swift; sourceTree = "<group>"; };
		BC6701F92318207400C5A624 /* NotificationCell.xib */ = {isa = PBXFileReference; lastKnownFileType = file.xib; path = NotificationCell.xib; sourceTree = "<group>"; };
		BC6701FC2318282200C5A624 /* Helper.swift */ = {isa = PBXFileReference; lastKnownFileType = sourcecode.swift; path = Helper.swift; sourceTree = "<group>"; };
		BC6701FE2318285100C5A624 /* NotificationVC.swift */ = {isa = PBXFileReference; lastKnownFileType = sourcecode.swift; path = NotificationVC.swift; sourceTree = "<group>"; };
		BC67020023182CB700C5A624 /* ViewExt.swift */ = {isa = PBXFileReference; lastKnownFileType = sourcecode.swift; path = ViewExt.swift; sourceTree = "<group>"; };
		BC77D48E231EC046007FA66B /* SbProtocol.swift */ = {isa = PBXFileReference; lastKnownFileType = sourcecode.swift; path = SbProtocol.swift; sourceTree = "<group>"; };
		BC77D490231ECE0C007FA66B /* CarDetailVC.swift */ = {isa = PBXFileReference; lastKnownFileType = sourcecode.swift; path = CarDetailVC.swift; sourceTree = "<group>"; };
		BC8BB7692347742400B047A0 /* Network.swift */ = {isa = PBXFileReference; lastKnownFileType = sourcecode.swift; path = Network.swift; sourceTree = "<group>"; };
		BC8BB76D2347884500B047A0 /* Loading.json */ = {isa = PBXFileReference; fileEncoding = 4; lastKnownFileType = text.json; path = Loading.json; sourceTree = "<group>"; };
		BCDE4A30231BA08700A9ADA1 /* AlertLauncher.swift */ = {isa = PBXFileReference; lastKnownFileType = sourcecode.swift; path = AlertLauncher.swift; sourceTree = "<group>"; };
		BCDE4A32231BAB6F00A9ADA1 /* ProfilePictureCell.swift */ = {isa = PBXFileReference; lastKnownFileType = sourcecode.swift; path = ProfilePictureCell.swift; sourceTree = "<group>"; };
		BCDE4A33231BAB7000A9ADA1 /* ProfilePictureCell.xib */ = {isa = PBXFileReference; lastKnownFileType = file.xib; path = ProfilePictureCell.xib; sourceTree = "<group>"; };
		BCDE4A36231BAD3400A9ADA1 /* LexendDeca-Regular.ttf */ = {isa = PBXFileReference; lastKnownFileType = file; path = "LexendDeca-Regular.ttf"; sourceTree = "<group>"; };
		BCDE4A37231BAE3200A9ADA1 /* ProfileVC.swift */ = {isa = PBXFileReference; lastKnownFileType = sourcecode.swift; path = ProfileVC.swift; sourceTree = "<group>"; };
		BCDE4A39231BAEFA00A9ADA1 /* Profile.storyboard */ = {isa = PBXFileReference; fileEncoding = 4; lastKnownFileType = file.storyboard; path = Profile.storyboard; sourceTree = "<group>"; };
		BCDE4A3B231BB18000A9ADA1 /* BtnExt.swift */ = {isa = PBXFileReference; lastKnownFileType = sourcecode.swift; path = BtnExt.swift; sourceTree = "<group>"; };
		BCDE4A3D231BB19600A9ADA1 /* NavigationExt.swift */ = {isa = PBXFileReference; lastKnownFileType = sourcecode.swift; path = NavigationExt.swift; sourceTree = "<group>"; };
		BCDE4A3F231BB1D500A9ADA1 /* ColorExt.swift */ = {isa = PBXFileReference; lastKnownFileType = sourcecode.swift; path = ColorExt.swift; sourceTree = "<group>"; };
		BCDE4A4A231BC80000A9ADA1 /* ProfileHeaderCell.swift */ = {isa = PBXFileReference; lastKnownFileType = sourcecode.swift; path = ProfileHeaderCell.swift; sourceTree = "<group>"; };
		BCDE4A4C231BD4ED00A9ADA1 /* UserInfoCell.swift */ = {isa = PBXFileReference; lastKnownFileType = sourcecode.swift; path = UserInfoCell.swift; sourceTree = "<group>"; };
		BCDE4A4D231BD4ED00A9ADA1 /* UserInfoCell.xib */ = {isa = PBXFileReference; lastKnownFileType = file.xib; path = UserInfoCell.xib; sourceTree = "<group>"; };
		BCDE4A50231BD55500A9ADA1 /* InfoTableViewCell.swift */ = {isa = PBXFileReference; lastKnownFileType = sourcecode.swift; path = InfoTableViewCell.swift; sourceTree = "<group>"; };
		BCDE4A51231BD55500A9ADA1 /* InfoTableViewCell.xib */ = {isa = PBXFileReference; lastKnownFileType = file.xib; path = InfoTableViewCell.xib; sourceTree = "<group>"; };
		BCDE4A54231BDEC600A9ADA1 /* ProfileHeaderReusableView.swift */ = {isa = PBXFileReference; lastKnownFileType = sourcecode.swift; path = ProfileHeaderReusableView.swift; sourceTree = "<group>"; };
		BCDE4A55231BDEC600A9ADA1 /* ProfileHeaderReusableView.xib */ = {isa = PBXFileReference; lastKnownFileType = file.xib; path = ProfileHeaderReusableView.xib; sourceTree = "<group>"; };
		BCDE4A58231BF9A500A9ADA1 /* LoginVC.swift */ = {isa = PBXFileReference; lastKnownFileType = sourcecode.swift; path = LoginVC.swift; sourceTree = "<group>"; };
		BCDE4A5A231BFA2D00A9ADA1 /* StartVC.swift */ = {isa = PBXFileReference; lastKnownFileType = sourcecode.swift; path = StartVC.swift; sourceTree = "<group>"; };
		F8276A438808C7E7B494B631 /* Pods-BoxeyiTests.debug.xcconfig */ = {isa = PBXFileReference; includeInIndex = 1; lastKnownFileType = text.xcconfig; name = "Pods-BoxeyiTests.debug.xcconfig"; path = "Target Support Files/Pods-BoxeyiTests/Pods-BoxeyiTests.debug.xcconfig"; sourceTree = "<group>"; };
/* End PBXFileReference section */

/* Begin PBXFrameworksBuildPhase section */
		BC6701BA23181C3500C5A624 /* Frameworks */ = {
			isa = PBXFrameworksBuildPhase;
			buildActionMask = 2147483647;
			files = (
				5EFA2EFD92B8D9725EEF8EBE /* Pods_Boxeyi.framework in Frameworks */,
			);
			runOnlyForDeploymentPostprocessing = 0;
		};
		BC6701CE23181C3800C5A624 /* Frameworks */ = {
			isa = PBXFrameworksBuildPhase;
			buildActionMask = 2147483647;
			files = (
				3CC8B36F5E300DA8604F2E19 /* Pods_BoxeyiTests.framework in Frameworks */,
			);
			runOnlyForDeploymentPostprocessing = 0;
		};
		BC6701D923181C3800C5A624 /* Frameworks */ = {
			isa = PBXFrameworksBuildPhase;
			buildActionMask = 2147483647;
			files = (
				462D87BEC0F8593A945FEA75 /* Pods_BoxeyiUITests.framework in Frameworks */,
			);
			runOnlyForDeploymentPostprocessing = 0;
		};
/* End PBXFrameworksBuildPhase section */

/* Begin PBXGroup section */
		63CF2CDAF31838BA4D4864DF /* Pods */ = {
			isa = PBXGroup;
			children = (
				390925C6C59FFA38EEF5C25A /* Pods-Boxeyi.debug.xcconfig */,
				269D876E0243A973E4995FBD /* Pods-Boxeyi.release.xcconfig */,
				F8276A438808C7E7B494B631 /* Pods-BoxeyiTests.debug.xcconfig */,
				1F54782A04D87554DAEE16CE /* Pods-BoxeyiTests.release.xcconfig */,
				4FDFED4ADB7D9B6834F57ECE /* Pods-BoxeyiUITests.debug.xcconfig */,
				89F8640263B7235E195E6C1D /* Pods-BoxeyiUITests.release.xcconfig */,
			);
			path = Pods;
			sourceTree = "<group>";
		};
		BC6701B423181C3500C5A624 = {
			isa = PBXGroup;
			children = (
				BC6701BF23181C3500C5A624 /* Boxeyi */,
				BC6701D423181C3800C5A624 /* BoxeyiTests */,
				BC6701DF23181C3800C5A624 /* BoxeyiUITests */,
				BC6701BE23181C3500C5A624 /* Products */,
				63CF2CDAF31838BA4D4864DF /* Pods */,
				BDEB1F7C34404D4D3F024D17 /* Frameworks */,
			);
			sourceTree = "<group>";
		};
		BC6701BE23181C3500C5A624 /* Products */ = {
			isa = PBXGroup;
			children = (
				BC6701BD23181C3500C5A624 /* Boxeyi.app */,
				BC6701D123181C3800C5A624 /* BoxeyiTests.xctest */,
				BC6701DC23181C3800C5A624 /* BoxeyiUITests.xctest */,
			);
			name = Products;
			sourceTree = "<group>";
		};
		BC6701BF23181C3500C5A624 /* Boxeyi */ = {
			isa = PBXGroup;
			children = (
				BC6701C023181C3500C5A624 /* AppDelegate.swift */,
				BC0AC374234C6C9100376394 /* Extra.swift */,
				BC8BB76D2347884500B047A0 /* Loading.json */,
				BCDE4A49231BBD9400A9ADA1 /* Helper */,
				BCDE4A47231BBD7A00A9ADA1 /* XibClasses */,
				BCDE4A41231BB1E500A9ADA1 /* Extensions */,
				BCDE4A45231BBD4200A9ADA1 /* ViewControllers */,
				BCDE4A46231BBD6000A9ADA1 /* Storyboards */,
				BCDE4A48231BBD8A00A9ADA1 /* Xibs */,
				BCDE4A36231BAD3400A9ADA1 /* LexendDeca-Regular.ttf */,
				BC1AA1CD231EA22400B94CF0 /* Montserrat */,
				BC6701C723181C3800C5A624 /* Assets.xcassets */,
				BC6701C923181C3800C5A624 /* LaunchScreen.storyboard */,
				BC6701CC23181C3800C5A624 /* Info.plist */,
			);
			path = Boxeyi;
			sourceTree = "<group>";
		};
		BC6701D423181C3800C5A624 /* BoxeyiTests */ = {
			isa = PBXGroup;
			children = (
				BC6701D523181C3800C5A624 /* BoxeyiTests.swift */,
				BC6701D723181C3800C5A624 /* Info.plist */,
			);
			path = BoxeyiTests;
			sourceTree = "<group>";
		};
		BC6701DF23181C3800C5A624 /* BoxeyiUITests */ = {
			isa = PBXGroup;
			children = (
				BC6701E023181C3800C5A624 /* BoxeyiUITests.swift */,
				BC6701E223181C3800C5A624 /* Info.plist */,
			);
			path = BoxeyiUITests;
			sourceTree = "<group>";
		};
		BCDE4A41231BB1E500A9ADA1 /* Extensions */ = {
			isa = PBXGroup;
			children = (
				BC67020023182CB700C5A624 /* ViewExt.swift */,
				BCDE4A3B231BB18000A9ADA1 /* BtnExt.swift */,
				BCDE4A3D231BB19600A9ADA1 /* NavigationExt.swift */,
				BCDE4A3F231BB1D500A9ADA1 /* ColorExt.swift */,
			);
			path = Extensions;
			sourceTree = "<group>";
		};
		BCDE4A45231BBD4200A9ADA1 /* ViewControllers */ = {
			isa = PBXGroup;
			children = (
				BC6701FE2318285100C5A624 /* NotificationVC.swift */,
				BCDE4A37231BAE3200A9ADA1 /* ProfileVC.swift */,
				BC1AA1C6231E43CA00B94CF0 /* PaymentVC.swift */,
				BC6701C223181C3500C5A624 /* ViewController.swift */,
				BCDE4A5A231BFA2D00A9ADA1 /* StartVC.swift */,
				BCDE4A58231BF9A500A9ADA1 /* LoginVC.swift */,
				BC1AA1C8231E4D6300B94CF0 /* HomeTabBarVC.swift */,
				BC63D836231D974C00AB693E /* RegisterVC.swift */,
				BC1AA1CF231EAA8100B94CF0 /* DrivingInfoVC.swift */,
				BC77D490231ECE0C007FA66B /* CarDetailVC.swift */,
				BC17CEF023462AA6004C3C01 /* GMapVC.swift */,
				BC0ABE102347653F00B3251C /* LocationVC.swift */,
			);
			path = ViewControllers;
			sourceTree = "<group>";
		};
		BCDE4A46231BBD6000A9ADA1 /* Storyboards */ = {
			isa = PBXGroup;
			children = (
				BC1AA1C4231E436200B94CF0 /* Payment.storyboard */,
				BCDE4A39231BAEFA00A9ADA1 /* Profile.storyboard */,
				BC6701F623181F5C00C5A624 /* Notification.storyboard */,
				BC6701C423181C3500C5A624 /* Main.storyboard */,
				BC0ABE0E234764D900B3251C /* Location.storyboard */,
			);
			path = Storyboards;
			sourceTree = "<group>";
		};
		BCDE4A47231BBD7A00A9ADA1 /* XibClasses */ = {
			isa = PBXGroup;
			children = (
				BCDE4A32231BAB6F00A9ADA1 /* ProfilePictureCell.swift */,
				BC6701F82318207400C5A624 /* NotificationCell.swift */,
				BCDE4A4A231BC80000A9ADA1 /* ProfileHeaderCell.swift */,
				BCDE4A50231BD55500A9ADA1 /* InfoTableViewCell.swift */,
				BCDE4A54231BDEC600A9ADA1 /* ProfileHeaderReusableView.swift */,
				BCDE4A4C231BD4ED00A9ADA1 /* UserInfoCell.swift */,
			);
			path = XibClasses;
			sourceTree = "<group>";
		};
		BCDE4A48231BBD8A00A9ADA1 /* Xibs */ = {
			isa = PBXGroup;
			children = (
				BC17CEF123462AA6004C3C01 /* GMapVC.xib */,
				BC6701F92318207400C5A624 /* NotificationCell.xib */,
				BCDE4A33231BAB7000A9ADA1 /* ProfilePictureCell.xib */,
				BCDE4A4D231BD4ED00A9ADA1 /* UserInfoCell.xib */,
				BCDE4A51231BD55500A9ADA1 /* InfoTableViewCell.xib */,
				BCDE4A55231BDEC600A9ADA1 /* ProfileHeaderReusableView.xib */,
			);
			path = Xibs;
			sourceTree = "<group>";
		};
		BCDE4A49231BBD9400A9ADA1 /* Helper */ = {
			isa = PBXGroup;
			children = (
				BC6701FC2318282200C5A624 /* Helper.swift */,
				BC619FBF2346448D00AFD751 /* AppUrl.swift */,
				BC8BB7692347742400B047A0 /* Network.swift */,
				BC77D48E231EC046007FA66B /* SbProtocol.swift */,
				BCDE4A30231BA08700A9ADA1 /* AlertLauncher.swift */,
				BC619FBC23462EB100AFD751 /* LocationManagement.swift */,
				BC619FBA23462B5800AFD751 /* GoogleMapHelper.swift */,
				BC0AC36C234B4A3500376394 /* Models.swift */,
				BC0AC36E234B54E700376394 /* TypeAlias.swift */,
				BC0AC376234C6FFF00376394 /* TransitionAnimator.swift */,
				BC0AC377234C6FFF00376394 /* TransitionCoordinator.swift */,
			);
			path = Helper;
			sourceTree = "<group>";
		};
		BDEB1F7C34404D4D3F024D17 /* Frameworks */ = {
			isa = PBXGroup;
			children = (
				1485F3DFD1ACB847B47D43D4 /* Pods_Boxeyi.framework */,
				8029CCEE86D9AB95467883E4 /* Pods_BoxeyiTests.framework */,
				8B0BC847994F971EEC7F5480 /* Pods_BoxeyiUITests.framework */,
			);
			name = Frameworks;
			sourceTree = "<group>";
		};
/* End PBXGroup section */

/* Begin PBXNativeTarget section */
		BC6701BC23181C3500C5A624 /* Boxeyi */ = {
			isa = PBXNativeTarget;
			buildConfigurationList = BC6701E523181C3800C5A624 /* Build configuration list for PBXNativeTarget "Boxeyi" */;
			buildPhases = (
				9FBBB527AE684710D180C259 /* [CP] Check Pods Manifest.lock */,
				BC6701B923181C3500C5A624 /* Sources */,
				BC6701BA23181C3500C5A624 /* Frameworks */,
				BC6701BB23181C3500C5A624 /* Resources */,
				48A32F1A2081D5D71E4E8F53 /* [CP] Embed Pods Frameworks */,
				92229CD0133BF1C60E28FEE8 /* [CP] Copy Pods Resources */,
			);
			buildRules = (
			);
			dependencies = (
			);
			name = Boxeyi;
			productName = Boxeyi;
			productReference = BC6701BD23181C3500C5A624 /* Boxeyi.app */;
			productType = "com.apple.product-type.application";
		};
		BC6701D023181C3800C5A624 /* BoxeyiTests */ = {
			isa = PBXNativeTarget;
			buildConfigurationList = BC6701E823181C3800C5A624 /* Build configuration list for PBXNativeTarget "BoxeyiTests" */;
			buildPhases = (
				4C6032AA41E04A70764CFD0F /* [CP] Check Pods Manifest.lock */,
				BC6701CD23181C3800C5A624 /* Sources */,
				BC6701CE23181C3800C5A624 /* Frameworks */,
				BC6701CF23181C3800C5A624 /* Resources */,
			);
			buildRules = (
			);
			dependencies = (
				BC6701D323181C3800C5A624 /* PBXTargetDependency */,
			);
			name = BoxeyiTests;
			productName = BoxeyiTests;
			productReference = BC6701D123181C3800C5A624 /* BoxeyiTests.xctest */;
			productType = "com.apple.product-type.bundle.unit-test";
		};
		BC6701DB23181C3800C5A624 /* BoxeyiUITests */ = {
			isa = PBXNativeTarget;
			buildConfigurationList = BC6701EB23181C3800C5A624 /* Build configuration list for PBXNativeTarget "BoxeyiUITests" */;
			buildPhases = (
				07D9CDEA5921D9A691EB85FD /* [CP] Check Pods Manifest.lock */,
				BC6701D823181C3800C5A624 /* Sources */,
				BC6701D923181C3800C5A624 /* Frameworks */,
				BC6701DA23181C3800C5A624 /* Resources */,
			);
			buildRules = (
			);
			dependencies = (
				BC6701DE23181C3800C5A624 /* PBXTargetDependency */,
			);
			name = BoxeyiUITests;
			productName = BoxeyiUITests;
			productReference = BC6701DC23181C3800C5A624 /* BoxeyiUITests.xctest */;
			productType = "com.apple.product-type.bundle.ui-testing";
		};
/* End PBXNativeTarget section */

/* Begin PBXProject section */
		BC6701B523181C3500C5A624 /* Project object */ = {
			isa = PBXProject;
			attributes = {
				LastSwiftUpdateCheck = 1030;
				LastUpgradeCheck = 1030;
				ORGANIZATIONNAME = Boxeyi;
				TargetAttributes = {
					BC6701BC23181C3500C5A624 = {
						CreatedOnToolsVersion = 10.3;
					};
					BC6701D023181C3800C5A624 = {
						CreatedOnToolsVersion = 10.3;
						TestTargetID = BC6701BC23181C3500C5A624;
					};
					BC6701DB23181C3800C5A624 = {
						CreatedOnToolsVersion = 10.3;
						TestTargetID = BC6701BC23181C3500C5A624;
					};
				};
			};
			buildConfigurationList = BC6701B823181C3500C5A624 /* Build configuration list for PBXProject "Boxeyi" */;
			compatibilityVersion = "Xcode 9.3";
			developmentRegion = en;
			hasScannedForEncodings = 0;
			knownRegions = (
				en,
				Base,
			);
			mainGroup = BC6701B423181C3500C5A624;
			productRefGroup = BC6701BE23181C3500C5A624 /* Products */;
			projectDirPath = "";
			projectRoot = "";
			targets = (
				BC6701BC23181C3500C5A624 /* Boxeyi */,
				BC6701D023181C3800C5A624 /* BoxeyiTests */,
				BC6701DB23181C3800C5A624 /* BoxeyiUITests */,
			);
		};
/* End PBXProject section */

/* Begin PBXResourcesBuildPhase section */
		BC6701BB23181C3500C5A624 /* Resources */ = {
			isa = PBXResourcesBuildPhase;
			buildActionMask = 2147483647;
			files = (
				BC0ABE0F234764D900B3251C /* Location.storyboard in Resources */,
				BC6701CB23181C3800C5A624 /* LaunchScreen.storyboard in Resources */,
				BC6701F723181F5C00C5A624 /* Notification.storyboard in Resources */,
				BCDE4A35231BAB7000A9ADA1 /* ProfilePictureCell.xib in Resources */,
				BC1AA1C5231E436200B94CF0 /* Payment.storyboard in Resources */,
				BCDE4A57231BDEC600A9ADA1 /* ProfileHeaderReusableView.xib in Resources */,
				BC6701C823181C3800C5A624 /* Assets.xcassets in Resources */,
				BC6701FB2318207400C5A624 /* NotificationCell.xib in Resources */,
				BCDE4A53231BD55500A9ADA1 /* InfoTableViewCell.xib in Resources */,
				BCDE4A4F231BD4ED00A9ADA1 /* UserInfoCell.xib in Resources */,
				BC17CEF323462AA6004C3C01 /* GMapVC.xib in Resources */,
				BC1AA1CE231EA22400B94CF0 /* Montserrat in Resources */,
				BC8BB76E2347884500B047A0 /* Loading.json in Resources */,
				BCDE4A3A231BAEFA00A9ADA1 /* Profile.storyboard in Resources */,
				BCDE4A42231BB46E00A9ADA1 /* LexendDeca-Regular.ttf in Resources */,
				BC6701C623181C3500C5A624 /* Main.storyboard in Resources */,
			);
			runOnlyForDeploymentPostprocessing = 0;
		};
		BC6701CF23181C3800C5A624 /* Resources */ = {
			isa = PBXResourcesBuildPhase;
			buildActionMask = 2147483647;
			files = (
				BCDE4A43231BB46F00A9ADA1 /* LexendDeca-Regular.ttf in Resources */,
			);
			runOnlyForDeploymentPostprocessing = 0;
		};
		BC6701DA23181C3800C5A624 /* Resources */ = {
			isa = PBXResourcesBuildPhase;
			buildActionMask = 2147483647;
			files = (
				BCDE4A44231BB47000A9ADA1 /* LexendDeca-Regular.ttf in Resources */,
			);
			runOnlyForDeploymentPostprocessing = 0;
		};
/* End PBXResourcesBuildPhase section */

/* Begin PBXShellScriptBuildPhase section */
		07D9CDEA5921D9A691EB85FD /* [CP] Check Pods Manifest.lock */ = {
			isa = PBXShellScriptBuildPhase;
			buildActionMask = 2147483647;
			files = (
			);
			inputFileListPaths = (
			);
			inputPaths = (
				"${PODS_PODFILE_DIR_PATH}/Podfile.lock",
				"${PODS_ROOT}/Manifest.lock",
			);
			name = "[CP] Check Pods Manifest.lock";
			outputFileListPaths = (
			);
			outputPaths = (
				"$(DERIVED_FILE_DIR)/Pods-BoxeyiUITests-checkManifestLockResult.txt",
			);
			runOnlyForDeploymentPostprocessing = 0;
			shellPath = /bin/sh;
			shellScript = "diff \"${PODS_PODFILE_DIR_PATH}/Podfile.lock\" \"${PODS_ROOT}/Manifest.lock\" > /dev/null\nif [ $? != 0 ] ; then\n    # print error to STDERR\n    echo \"error: The sandbox is not in sync with the Podfile.lock. Run 'pod install' or update your CocoaPods installation.\" >&2\n    exit 1\nfi\n# This output is used by Xcode 'outputs' to avoid re-running this script phase.\necho \"SUCCESS\" > \"${SCRIPT_OUTPUT_FILE_0}\"\n";
			showEnvVarsInLog = 0;
		};
		48A32F1A2081D5D71E4E8F53 /* [CP] Embed Pods Frameworks */ = {
			isa = PBXShellScriptBuildPhase;
			buildActionMask = 2147483647;
			files = (
			);
			inputFileListPaths = (
				"${PODS_ROOT}/Target Support Files/Pods-Boxeyi/Pods-Boxeyi-frameworks-${CONFIGURATION}-input-files.xcfilelist",
			);
			name = "[CP] Embed Pods Frameworks";
			outputFileListPaths = (
				"${PODS_ROOT}/Target Support Files/Pods-Boxeyi/Pods-Boxeyi-frameworks-${CONFIGURATION}-output-files.xcfilelist",
			);
			runOnlyForDeploymentPostprocessing = 0;
			shellPath = /bin/sh;
			shellScript = "\"${PODS_ROOT}/Target Support Files/Pods-Boxeyi/Pods-Boxeyi-frameworks.sh\"\n";
			showEnvVarsInLog = 0;
		};
		4C6032AA41E04A70764CFD0F /* [CP] Check Pods Manifest.lock */ = {
			isa = PBXShellScriptBuildPhase;
			buildActionMask = 2147483647;
			files = (
			);
			inputFileListPaths = (
			);
			inputPaths = (
				"${PODS_PODFILE_DIR_PATH}/Podfile.lock",
				"${PODS_ROOT}/Manifest.lock",
			);
			name = "[CP] Check Pods Manifest.lock";
			outputFileListPaths = (
			);
			outputPaths = (
				"$(DERIVED_FILE_DIR)/Pods-BoxeyiTests-checkManifestLockResult.txt",
			);
			runOnlyForDeploymentPostprocessing = 0;
			shellPath = /bin/sh;
			shellScript = "diff \"${PODS_PODFILE_DIR_PATH}/Podfile.lock\" \"${PODS_ROOT}/Manifest.lock\" > /dev/null\nif [ $? != 0 ] ; then\n    # print error to STDERR\n    echo \"error: The sandbox is not in sync with the Podfile.lock. Run 'pod install' or update your CocoaPods installation.\" >&2\n    exit 1\nfi\n# This output is used by Xcode 'outputs' to avoid re-running this script phase.\necho \"SUCCESS\" > \"${SCRIPT_OUTPUT_FILE_0}\"\n";
			showEnvVarsInLog = 0;
		};
		92229CD0133BF1C60E28FEE8 /* [CP] Copy Pods Resources */ = {
			isa = PBXShellScriptBuildPhase;
			buildActionMask = 2147483647;
			files = (
			);
			inputFileListPaths = (
				"${PODS_ROOT}/Target Support Files/Pods-Boxeyi/Pods-Boxeyi-resources-${CONFIGURATION}-input-files.xcfilelist",
			);
			name = "[CP] Copy Pods Resources";
			outputFileListPaths = (
				"${PODS_ROOT}/Target Support Files/Pods-Boxeyi/Pods-Boxeyi-resources-${CONFIGURATION}-output-files.xcfilelist",
			);
			runOnlyForDeploymentPostprocessing = 0;
			shellPath = /bin/sh;
			shellScript = "\"${PODS_ROOT}/Target Support Files/Pods-Boxeyi/Pods-Boxeyi-resources.sh\"\n";
			showEnvVarsInLog = 0;
		};
		9FBBB527AE684710D180C259 /* [CP] Check Pods Manifest.lock */ = {
			isa = PBXShellScriptBuildPhase;
			buildActionMask = 2147483647;
			files = (
			);
			inputFileListPaths = (
			);
			inputPaths = (
				"${PODS_PODFILE_DIR_PATH}/Podfile.lock",
				"${PODS_ROOT}/Manifest.lock",
			);
			name = "[CP] Check Pods Manifest.lock";
			outputFileListPaths = (
			);
			outputPaths = (
				"$(DERIVED_FILE_DIR)/Pods-Boxeyi-checkManifestLockResult.txt",
			);
			runOnlyForDeploymentPostprocessing = 0;
			shellPath = /bin/sh;
			shellScript = "diff \"${PODS_PODFILE_DIR_PATH}/Podfile.lock\" \"${PODS_ROOT}/Manifest.lock\" > /dev/null\nif [ $? != 0 ] ; then\n    # print error to STDERR\n    echo \"error: The sandbox is not in sync with the Podfile.lock. Run 'pod install' or update your CocoaPods installation.\" >&2\n    exit 1\nfi\n# This output is used by Xcode 'outputs' to avoid re-running this script phase.\necho \"SUCCESS\" > \"${SCRIPT_OUTPUT_FILE_0}\"\n";
			showEnvVarsInLog = 0;
		};
/* End PBXShellScriptBuildPhase section */

/* Begin PBXSourcesBuildPhase section */
		BC6701B923181C3500C5A624 /* Sources */ = {
			isa = PBXSourcesBuildPhase;
			buildActionMask = 2147483647;
			files = (
				BCDE4A3C231BB18000A9ADA1 /* BtnExt.swift in Sources */,
				BC619FBD23462EB100AFD751 /* LocationManagement.swift in Sources */,
				BC619FBB23462B5800AFD751 /* GoogleMapHelper.swift in Sources */,
				BCDE4A40231BB1D500A9ADA1 /* ColorExt.swift in Sources */,
				BCDE4A56231BDEC600A9ADA1 /* ProfileHeaderReusableView.swift in Sources */,
				BCDE4A34231BAB7000A9ADA1 /* ProfilePictureCell.swift in Sources */,
				BCDE4A59231BF9A500A9ADA1 /* LoginVC.swift in Sources */,
				BCDE4A3E231BB19600A9ADA1 /* NavigationExt.swift in Sources */,
				BC0AC375234C6C9100376394 /* Extra.swift in Sources */,
				BCDE4A31231BA08700A9ADA1 /* AlertLauncher.swift in Sources */,
				BC6701C323181C3500C5A624 /* ViewController.swift in Sources */,
				BCDE4A52231BD55500A9ADA1 /* InfoTableViewCell.swift in Sources */,
				BC77D48F231EC046007FA66B /* SbProtocol.swift in Sources */,
				BC0AC379234C6FFF00376394 /* TransitionCoordinator.swift in Sources */,
				BC17CEF223462AA6004C3C01 /* GMapVC.swift in Sources */,
				BCDE4A4B231BC80000A9ADA1 /* ProfileHeaderCell.swift in Sources */,
				BC63D837231D974C00AB693E /* RegisterVC.swift in Sources */,
				BC619FC02346448D00AFD751 /* AppUrl.swift in Sources */,
				BCDE4A38231BAE3200A9ADA1 /* ProfileVC.swift in Sources */,
				BC1AA1D0231EAA8200B94CF0 /* DrivingInfoVC.swift in Sources */,
				BC77D491231ECE0C007FA66B /* CarDetailVC.swift in Sources */,
				BCDE4A4E231BD4ED00A9ADA1 /* UserInfoCell.swift in Sources */,
				BC8BB76A2347742400B047A0 /* Network.swift in Sources */,
				BC1AA1C7231E43CA00B94CF0 /* PaymentVC.swift in Sources */,
				BC0AC378234C6FFF00376394 /* TransitionAnimator.swift in Sources */,
				BC0AC36F234B54E700376394 /* TypeAlias.swift in Sources */,
				BC0ABE112347653F00B3251C /* LocationVC.swift in Sources */,
				BC6701FF2318285100C5A624 /* NotificationVC.swift in Sources */,
				BC0AC36D234B4A3500376394 /* Models.swift in Sources */,
				BC1AA1C9231E4D6300B94CF0 /* HomeTabBarVC.swift in Sources */,
				BC6701FA2318207400C5A624 /* NotificationCell.swift in Sources */,
				BC6701C123181C3500C5A624 /* AppDelegate.swift in Sources */,
				BC67020123182CB700C5A624 /* ViewExt.swift in Sources */,
				BC6701FD2318282200C5A624 /* Helper.swift in Sources */,
				BCDE4A5B231BFA2D00A9ADA1 /* StartVC.swift in Sources */,
			);
			runOnlyForDeploymentPostprocessing = 0;
		};
		BC6701CD23181C3800C5A624 /* Sources */ = {
			isa = PBXSourcesBuildPhase;
			buildActionMask = 2147483647;
			files = (
				BC6701D623181C3800C5A624 /* BoxeyiTests.swift in Sources */,
			);
			runOnlyForDeploymentPostprocessing = 0;
		};
		BC6701D823181C3800C5A624 /* Sources */ = {
			isa = PBXSourcesBuildPhase;
			buildActionMask = 2147483647;
			files = (
				BC6701E123181C3800C5A624 /* BoxeyiUITests.swift in Sources */,
			);
			runOnlyForDeploymentPostprocessing = 0;
		};
/* End PBXSourcesBuildPhase section */

/* Begin PBXTargetDependency section */
		BC6701D323181C3800C5A624 /* PBXTargetDependency */ = {
			isa = PBXTargetDependency;
			target = BC6701BC23181C3500C5A624 /* Boxeyi */;
			targetProxy = BC6701D223181C3800C5A624 /* PBXContainerItemProxy */;
		};
		BC6701DE23181C3800C5A624 /* PBXTargetDependency */ = {
			isa = PBXTargetDependency;
			target = BC6701BC23181C3500C5A624 /* Boxeyi */;
			targetProxy = BC6701DD23181C3800C5A624 /* PBXContainerItemProxy */;
		};
/* End PBXTargetDependency section */

/* Begin PBXVariantGroup section */
		BC6701C423181C3500C5A624 /* Main.storyboard */ = {
			isa = PBXVariantGroup;
			children = (
				BC6701C523181C3500C5A624 /* Base */,
			);
			name = Main.storyboard;
			sourceTree = "<group>";
		};
		BC6701C923181C3800C5A624 /* LaunchScreen.storyboard */ = {
			isa = PBXVariantGroup;
			children = (
				BC6701CA23181C3800C5A624 /* Base */,
			);
			name = LaunchScreen.storyboard;
			sourceTree = "<group>";
		};
/* End PBXVariantGroup section */

/* Begin XCBuildConfiguration section */
		BC6701E323181C3800C5A624 /* Debug */ = {
			isa = XCBuildConfiguration;
			buildSettings = {
				ALWAYS_SEARCH_USER_PATHS = NO;
				CLANG_ANALYZER_NONNULL = YES;
				CLANG_ANALYZER_NUMBER_OBJECT_CONVERSION = YES_AGGRESSIVE;
				CLANG_CXX_LANGUAGE_STANDARD = "gnu++14";
				CLANG_CXX_LIBRARY = "libc++";
				CLANG_ENABLE_MODULES = YES;
				CLANG_ENABLE_OBJC_ARC = YES;
				CLANG_ENABLE_OBJC_WEAK = YES;
				CLANG_WARN_BLOCK_CAPTURE_AUTORELEASING = YES;
				CLANG_WARN_BOOL_CONVERSION = YES;
				CLANG_WARN_COMMA = YES;
				CLANG_WARN_CONSTANT_CONVERSION = YES;
				CLANG_WARN_DEPRECATED_OBJC_IMPLEMENTATIONS = YES;
				CLANG_WARN_DIRECT_OBJC_ISA_USAGE = YES_ERROR;
				CLANG_WARN_DOCUMENTATION_COMMENTS = YES;
				CLANG_WARN_EMPTY_BODY = YES;
				CLANG_WARN_ENUM_CONVERSION = YES;
				CLANG_WARN_INFINITE_RECURSION = YES;
				CLANG_WARN_INT_CONVERSION = YES;
				CLANG_WARN_NON_LITERAL_NULL_CONVERSION = YES;
				CLANG_WARN_OBJC_IMPLICIT_RETAIN_SELF = YES;
				CLANG_WARN_OBJC_LITERAL_CONVERSION = YES;
				CLANG_WARN_OBJC_ROOT_CLASS = YES_ERROR;
				CLANG_WARN_RANGE_LOOP_ANALYSIS = YES;
				CLANG_WARN_STRICT_PROTOTYPES = YES;
				CLANG_WARN_SUSPICIOUS_MOVE = YES;
				CLANG_WARN_UNGUARDED_AVAILABILITY = YES_AGGRESSIVE;
				CLANG_WARN_UNREACHABLE_CODE = YES;
				CLANG_WARN__DUPLICATE_METHOD_MATCH = YES;
				CODE_SIGN_IDENTITY = "iPhone Developer";
				COPY_PHASE_STRIP = NO;
				DEBUG_INFORMATION_FORMAT = dwarf;
				ENABLE_STRICT_OBJC_MSGSEND = YES;
				ENABLE_TESTABILITY = YES;
				GCC_C_LANGUAGE_STANDARD = gnu11;
				GCC_DYNAMIC_NO_PIC = NO;
				GCC_NO_COMMON_BLOCKS = YES;
				GCC_OPTIMIZATION_LEVEL = 0;
				GCC_PREPROCESSOR_DEFINITIONS = (
					"DEBUG=1",
					"$(inherited)",
				);
				GCC_WARN_64_TO_32_BIT_CONVERSION = YES;
				GCC_WARN_ABOUT_RETURN_TYPE = YES_ERROR;
				GCC_WARN_UNDECLARED_SELECTOR = YES;
				GCC_WARN_UNINITIALIZED_AUTOS = YES_AGGRESSIVE;
				GCC_WARN_UNUSED_FUNCTION = YES;
				GCC_WARN_UNUSED_VARIABLE = YES;
				IPHONEOS_DEPLOYMENT_TARGET = 12.4;
				MTL_ENABLE_DEBUG_INFO = INCLUDE_SOURCE;
				MTL_FAST_MATH = YES;
				ONLY_ACTIVE_ARCH = YES;
				SDKROOT = iphoneos;
				SWIFT_ACTIVE_COMPILATION_CONDITIONS = DEBUG;
				SWIFT_OPTIMIZATION_LEVEL = "-Onone";
			};
			name = Debug;
		};
		BC6701E423181C3800C5A624 /* Release */ = {
			isa = XCBuildConfiguration;
			buildSettings = {
				ALWAYS_SEARCH_USER_PATHS = NO;
				CLANG_ANALYZER_NONNULL = YES;
				CLANG_ANALYZER_NUMBER_OBJECT_CONVERSION = YES_AGGRESSIVE;
				CLANG_CXX_LANGUAGE_STANDARD = "gnu++14";
				CLANG_CXX_LIBRARY = "libc++";
				CLANG_ENABLE_MODULES = YES;
				CLANG_ENABLE_OBJC_ARC = YES;
				CLANG_ENABLE_OBJC_WEAK = YES;
				CLANG_WARN_BLOCK_CAPTURE_AUTORELEASING = YES;
				CLANG_WARN_BOOL_CONVERSION = YES;
				CLANG_WARN_COMMA = YES;
				CLANG_WARN_CONSTANT_CONVERSION = YES;
				CLANG_WARN_DEPRECATED_OBJC_IMPLEMENTATIONS = YES;
				CLANG_WARN_DIRECT_OBJC_ISA_USAGE = YES_ERROR;
				CLANG_WARN_DOCUMENTATION_COMMENTS = YES;
				CLANG_WARN_EMPTY_BODY = YES;
				CLANG_WARN_ENUM_CONVERSION = YES;
				CLANG_WARN_INFINITE_RECURSION = YES;
				CLANG_WARN_INT_CONVERSION = YES;
				CLANG_WARN_NON_LITERAL_NULL_CONVERSION = YES;
				CLANG_WARN_OBJC_IMPLICIT_RETAIN_SELF = YES;
				CLANG_WARN_OBJC_LITERAL_CONVERSION = YES;
				CLANG_WARN_OBJC_ROOT_CLASS = YES_ERROR;
				CLANG_WARN_RANGE_LOOP_ANALYSIS = YES;
				CLANG_WARN_STRICT_PROTOTYPES = YES;
				CLANG_WARN_SUSPICIOUS_MOVE = YES;
				CLANG_WARN_UNGUARDED_AVAILABILITY = YES_AGGRESSIVE;
				CLANG_WARN_UNREACHABLE_CODE = YES;
				CLANG_WARN__DUPLICATE_METHOD_MATCH = YES;
				CODE_SIGN_IDENTITY = "iPhone Developer";
				COPY_PHASE_STRIP = NO;
				DEBUG_INFORMATION_FORMAT = "dwarf-with-dsym";
				ENABLE_NS_ASSERTIONS = NO;
				ENABLE_STRICT_OBJC_MSGSEND = YES;
				GCC_C_LANGUAGE_STANDARD = gnu11;
				GCC_NO_COMMON_BLOCKS = YES;
				GCC_WARN_64_TO_32_BIT_CONVERSION = YES;
				GCC_WARN_ABOUT_RETURN_TYPE = YES_ERROR;
				GCC_WARN_UNDECLARED_SELECTOR = YES;
				GCC_WARN_UNINITIALIZED_AUTOS = YES_AGGRESSIVE;
				GCC_WARN_UNUSED_FUNCTION = YES;
				GCC_WARN_UNUSED_VARIABLE = YES;
				IPHONEOS_DEPLOYMENT_TARGET = 12.4;
				MTL_ENABLE_DEBUG_INFO = NO;
				MTL_FAST_MATH = YES;
				SDKROOT = iphoneos;
				SWIFT_COMPILATION_MODE = wholemodule;
				SWIFT_OPTIMIZATION_LEVEL = "-O";
				VALIDATE_PRODUCT = YES;
			};
			name = Release;
		};
		BC6701E623181C3800C5A624 /* Debug */ = {
			isa = XCBuildConfiguration;
			baseConfigurationReference = 390925C6C59FFA38EEF5C25A /* Pods-Boxeyi.debug.xcconfig */;
			buildSettings = {
				ASSETCATALOG_COMPILER_APPICON_NAME = AppIcon;
				CODE_SIGN_STYLE = Automatic;
				DEVELOPMENT_TEAM = C4J569CLQ5;
				INFOPLIST_FILE = Boxeyi/Info.plist;
				IPHONEOS_DEPLOYMENT_TARGET = 11.0;
				LD_RUNPATH_SEARCH_PATHS = (
					"$(inherited)",
					"@executable_path/Frameworks",
				);
				PRODUCT_BUNDLE_IDENTIFIER = com.duumy.;
				PRODUCT_NAME = "$(TARGET_NAME)";
				SWIFT_VERSION = 5.0;
				TARGETED_DEVICE_FAMILY = 1;
			};
			name = Debug;
		};
		BC6701E723181C3800C5A624 /* Release */ = {
			isa = XCBuildConfiguration;
			baseConfigurationReference = 269D876E0243A973E4995FBD /* Pods-Boxeyi.release.xcconfig */;
			buildSettings = {
				ASSETCATALOG_COMPILER_APPICON_NAME = AppIcon;
				CODE_SIGN_STYLE = Automatic;
				DEVELOPMENT_TEAM = C4J569CLQ5;
				INFOPLIST_FILE = Boxeyi/Info.plist;
				IPHONEOS_DEPLOYMENT_TARGET = 11.0;
				LD_RUNPATH_SEARCH_PATHS = (
					"$(inherited)",
					"@executable_path/Frameworks",
				);
				PRODUCT_BUNDLE_IDENTIFIER = com.duumy.;
				PRODUCT_NAME = "$(TARGET_NAME)";
				SWIFT_VERSION = 5.0;
				TARGETED_DEVICE_FAMILY = 1;
			};
			name = Release;
		};
		BC6701E923181C3800C5A624 /* Debug */ = {
			isa = XCBuildConfiguration;
			baseConfigurationReference = F8276A438808C7E7B494B631 /* Pods-BoxeyiTests.debug.xcconfig */;
			buildSettings = {
				ALWAYS_EMBED_SWIFT_STANDARD_LIBRARIES = YES;
				BUNDLE_LOADER = "$(TEST_HOST)";
				CODE_SIGN_STYLE = Automatic;
				DEVELOPMENT_TEAM = C4J569CLQ5;
				INFOPLIST_FILE = BoxeyiTests/Info.plist;
				LD_RUNPATH_SEARCH_PATHS = (
					"$(inherited)",
					"@executable_path/Frameworks",
					"@loader_path/Frameworks",
				);
				PRODUCT_BUNDLE_IDENTIFIER = com.getsetgo.BoxeyiTests;
				PRODUCT_NAME = "$(TARGET_NAME)";
				SWIFT_VERSION = 5.0;
				TARGETED_DEVICE_FAMILY = "1,2";
				TEST_HOST = "$(BUILT_PRODUCTS_DIR)/Boxeyi.app/Boxeyi";
			};
			name = Debug;
		};
		BC6701EA23181C3800C5A624 /* Release */ = {
			isa = XCBuildConfiguration;
			baseConfigurationReference = 1F54782A04D87554DAEE16CE /* Pods-BoxeyiTests.release.xcconfig */;
			buildSettings = {
				ALWAYS_EMBED_SWIFT_STANDARD_LIBRARIES = YES;
				BUNDLE_LOADER = "$(TEST_HOST)";
				CODE_SIGN_STYLE = Automatic;
				DEVELOPMENT_TEAM = C4J569CLQ5;
				INFOPLIST_FILE = BoxeyiTests/Info.plist;
				LD_RUNPATH_SEARCH_PATHS = (
					"$(inherited)",
					"@executable_path/Frameworks",
					"@loader_path/Frameworks",
				);
				PRODUCT_BUNDLE_IDENTIFIER = com.getsetgo.BoxeyiTests;
				PRODUCT_NAME = "$(TARGET_NAME)";
				SWIFT_VERSION = 5.0;
				TARGETED_DEVICE_FAMILY = "1,2";
				TEST_HOST = "$(BUILT_PRODUCTS_DIR)/Boxeyi.app/Boxeyi";
			};
			name = Release;
		};
		BC6701EC23181C3800C5A624 /* Debug */ = {
			isa = XCBuildConfiguration;
			baseConfigurationReference = 4FDFED4ADB7D9B6834F57ECE /* Pods-BoxeyiUITests.debug.xcconfig */;
			buildSettings = {
				ALWAYS_EMBED_SWIFT_STANDARD_LIBRARIES = YES;
				CODE_SIGN_STYLE = Automatic;
				DEVELOPMENT_TEAM = C4J569CLQ5;
				INFOPLIST_FILE = BoxeyiUITests/Info.plist;
				LD_RUNPATH_SEARCH_PATHS = (
					"$(inherited)",
					"@executable_path/Frameworks",
					"@loader_path/Frameworks",
				);
				PRODUCT_BUNDLE_IDENTIFIER = com.getsetgo.BoxeyiUITests;
				PRODUCT_NAME = "$(TARGET_NAME)";
				SWIFT_VERSION = 5.0;
				TARGETED_DEVICE_FAMILY = "1,2";
				TEST_TARGET_NAME = Boxeyi;
			};
			name = Debug;
		};
		BC6701ED23181C3800C5A624 /* Release */ = {
			isa = XCBuildConfiguration;
			baseConfigurationReference = 89F8640263B7235E195E6C1D /* Pods-BoxeyiUITests.release.xcconfig */;
			buildSettings = {
				ALWAYS_EMBED_SWIFT_STANDARD_LIBRARIES = YES;
				CODE_SIGN_STYLE = Automatic;
				DEVELOPMENT_TEAM = C4J569CLQ5;
				INFOPLIST_FILE = BoxeyiUITests/Info.plist;
				LD_RUNPATH_SEARCH_PATHS = (
					"$(inherited)",
					"@executable_path/Frameworks",
					"@loader_path/Frameworks",
				);
				PRODUCT_BUNDLE_IDENTIFIER = com.getsetgo.BoxeyiUITests;
				PRODUCT_NAME = "$(TARGET_NAME)";
				SWIFT_VERSION = 5.0;
				TARGETED_DEVICE_FAMILY = "1,2";
				TEST_TARGET_NAME = Boxeyi;
			};
			name = Release;
		};
/* End XCBuildConfiguration section */

/* Begin XCConfigurationList section */
		BC6701B823181C3500C5A624 /* Build configuration list for PBXProject "Boxeyi" */ = {
			isa = XCConfigurationList;
			buildConfigurations = (
				BC6701E323181C3800C5A624 /* Debug */,
				BC6701E423181C3800C5A624 /* Release */,
			);
			defaultConfigurationIsVisible = 0;
			defaultConfigurationName = Release;
		};
		BC6701E523181C3800C5A624 /* Build configuration list for PBXNativeTarget "Boxeyi" */ = {
			isa = XCConfigurationList;
			buildConfigurations = (
				BC6701E623181C3800C5A624 /* Debug */,
				BC6701E723181C3800C5A624 /* Release */,
			);
			defaultConfigurationIsVisible = 0;
			defaultConfigurationName = Release;
		};
		BC6701E823181C3800C5A624 /* Build configuration list for PBXNativeTarget "BoxeyiTests" */ = {
			isa = XCConfigurationList;
			buildConfigurations = (
				BC6701E923181C3800C5A624 /* Debug */,
				BC6701EA23181C3800C5A624 /* Release */,
			);
			defaultConfigurationIsVisible = 0;
			defaultConfigurationName = Release;
		};
		BC6701EB23181C3800C5A624 /* Build configuration list for PBXNativeTarget "BoxeyiUITests" */ = {
			isa = XCConfigurationList;
			buildConfigurations = (
				BC6701EC23181C3800C5A624 /* Debug */,
				BC6701ED23181C3800C5A624 /* Release */,
			);
			defaultConfigurationIsVisible = 0;
			defaultConfigurationName = Release;
		};
/* End XCConfigurationList section */
	};
	rootObject = BC6701B523181C3500C5A624 /* Project object */;
}
